lockfileVersion: '6.0'

settings:
  autoInstallPeers: true
  excludeLinksFromLockfile: false

dependencies:
  '@strudel/core':
    specifier: 1.0.1
    version: 1.0.1
  '@strudel/mini':
    specifier: 1.0.1
    version: 1.0.1
  '@strudel/tonal':
    specifier: 1.0.1
    version: 1.0.1
  '@strudel/transpiler':
    specifier: 1.0.1
    version: 1.0.1
  '@strudel/webaudio':
    specifier: 1.0.1
    version: 1.0.1
  chiptune3:
    specifier: ^0.7.7
    version: 0.7.7
  itwriter:
    specifier: ^0.0.1
    version: 0.0.1

devDependencies:
  vite:
    specifier: ^5.0.8
    version: 5.2.11

packages:

  /@babel/runtime@7.24.6:
    resolution: {integrity: sha512-Ja18XcETdEl5mzzACGd+DKgaGJzPTCow7EglgwTmHdwokzDFYh/MHua6lU6DV/hjF2IaOJ4oX2nqnjG7RElKOw==}
    engines: {node: '>=6.9.0'}
    dependencies:
      regenerator-runtime: 0.14.1
    dev: false

  /@esbuild/aix-ppc64@0.20.2:
    resolution: {integrity: sha512-D+EBOJHXdNZcLJRBkhENNG8Wji2kgc9AZ9KiPr1JuZjsNtyHzrsfLRrY0tk2H2aoFu6RANO1y1iPPUCDYWkb5g==}
    engines: {node: '>=12'}
    cpu: [ppc64]
    os: [aix]
    requiresBuild: true
    dev: true
    optional: true

  /@esbuild/android-arm64@0.20.2:
    resolution: {integrity: sha512-mRzjLacRtl/tWU0SvD8lUEwb61yP9cqQo6noDZP/O8VkwafSYwZ4yWy24kan8jE/IMERpYncRt2dw438LP3Xmg==}
    engines: {node: '>=12'}
    cpu: [arm64]
    os: [android]
    requiresBuild: true
    dev: true
    optional: true

  /@esbuild/android-arm@0.20.2:
    resolution: {integrity: sha512-t98Ra6pw2VaDhqNWO2Oph2LXbz/EJcnLmKLGBJwEwXX/JAN83Fym1rU8l0JUWK6HkIbWONCSSatf4sf2NBRx/w==}
    engines: {node: '>=12'}
    cpu: [arm]
    os: [android]
    requiresBuild: true
    dev: true
    optional: true

  /@esbuild/android-x64@0.20.2:
    resolution: {integrity: sha512-btzExgV+/lMGDDa194CcUQm53ncxzeBrWJcncOBxuC6ndBkKxnHdFJn86mCIgTELsooUmwUm9FkhSp5HYu00Rg==}
    engines: {node: '>=12'}
    cpu: [x64]
    os: [android]
    requiresBuild: true
    dev: true
    optional: true

  /@esbuild/darwin-arm64@0.20.2:
    resolution: {integrity: sha512-4J6IRT+10J3aJH3l1yzEg9y3wkTDgDk7TSDFX+wKFiWjqWp/iCfLIYzGyasx9l0SAFPT1HwSCR+0w/h1ES/MjA==}
    engines: {node: '>=12'}
    cpu: [arm64]
    os: [darwin]
    requiresBuild: true
    dev: true
    optional: true

  /@esbuild/darwin-x64@0.20.2:
    resolution: {integrity: sha512-tBcXp9KNphnNH0dfhv8KYkZhjc+H3XBkF5DKtswJblV7KlT9EI2+jeA8DgBjp908WEuYll6pF+UStUCfEpdysA==}
    engines: {node: '>=12'}
    cpu: [x64]
    os: [darwin]
    requiresBuild: true
    dev: true
    optional: true

  /@esbuild/freebsd-arm64@0.20.2:
    resolution: {integrity: sha512-d3qI41G4SuLiCGCFGUrKsSeTXyWG6yem1KcGZVS+3FYlYhtNoNgYrWcvkOoaqMhwXSMrZRl69ArHsGJ9mYdbbw==}
    engines: {node: '>=12'}
    cpu: [arm64]
    os: [freebsd]
    requiresBuild: true
    dev: true
    optional: true

  /@esbuild/freebsd-x64@0.20.2:
    resolution: {integrity: sha512-d+DipyvHRuqEeM5zDivKV1KuXn9WeRX6vqSqIDgwIfPQtwMP4jaDsQsDncjTDDsExT4lR/91OLjRo8bmC1e+Cw==}
    engines: {node: '>=12'}
    cpu: [x64]
    os: [freebsd]
    requiresBuild: true
    dev: true
    optional: true

  /@esbuild/linux-arm64@0.20.2:
    resolution: {integrity: sha512-9pb6rBjGvTFNira2FLIWqDk/uaf42sSyLE8j1rnUpuzsODBq7FvpwHYZxQ/It/8b+QOS1RYfqgGFNLRI+qlq2A==}
    engines: {node: '>=12'}
    cpu: [arm64]
    os: [linux]
    requiresBuild: true
    dev: true
    optional: true

  /@esbuild/linux-arm@0.20.2:
    resolution: {integrity: sha512-VhLPeR8HTMPccbuWWcEUD1Az68TqaTYyj6nfE4QByZIQEQVWBB8vup8PpR7y1QHL3CpcF6xd5WVBU/+SBEvGTg==}
    engines: {node: '>=12'}
    cpu: [arm]
    os: [linux]
    requiresBuild: true
    dev: true
    optional: true

  /@esbuild/linux-ia32@0.20.2:
    resolution: {integrity: sha512-o10utieEkNPFDZFQm9CoP7Tvb33UutoJqg3qKf1PWVeeJhJw0Q347PxMvBgVVFgouYLGIhFYG0UGdBumROyiig==}
    engines: {node: '>=12'}
    cpu: [ia32]
    os: [linux]
    requiresBuild: true
    dev: true
    optional: true

  /@esbuild/linux-loong64@0.20.2:
    resolution: {integrity: sha512-PR7sp6R/UC4CFVomVINKJ80pMFlfDfMQMYynX7t1tNTeivQ6XdX5r2XovMmha/VjR1YN/HgHWsVcTRIMkymrgQ==}
    engines: {node: '>=12'}
    cpu: [loong64]
    os: [linux]
    requiresBuild: true
    dev: true
    optional: true

  /@esbuild/linux-mips64el@0.20.2:
    resolution: {integrity: sha512-4BlTqeutE/KnOiTG5Y6Sb/Hw6hsBOZapOVF6njAESHInhlQAghVVZL1ZpIctBOoTFbQyGW+LsVYZ8lSSB3wkjA==}
    engines: {node: '>=12'}
    cpu: [mips64el]
    os: [linux]
    requiresBuild: true
    dev: true
    optional: true

  /@esbuild/linux-ppc64@0.20.2:
    resolution: {integrity: sha512-rD3KsaDprDcfajSKdn25ooz5J5/fWBylaaXkuotBDGnMnDP1Uv5DLAN/45qfnf3JDYyJv/ytGHQaziHUdyzaAg==}
    engines: {node: '>=12'}
    cpu: [ppc64]
    os: [linux]
    requiresBuild: true
    dev: true
    optional: true

  /@esbuild/linux-riscv64@0.20.2:
    resolution: {integrity: sha512-snwmBKacKmwTMmhLlz/3aH1Q9T8v45bKYGE3j26TsaOVtjIag4wLfWSiZykXzXuE1kbCE+zJRmwp+ZbIHinnVg==}
    engines: {node: '>=12'}
    cpu: [riscv64]
    os: [linux]
    requiresBuild: true
    dev: true
    optional: true

  /@esbuild/linux-s390x@0.20.2:
    resolution: {integrity: sha512-wcWISOobRWNm3cezm5HOZcYz1sKoHLd8VL1dl309DiixxVFoFe/o8HnwuIwn6sXre88Nwj+VwZUvJf4AFxkyrQ==}
    engines: {node: '>=12'}
    cpu: [s390x]
    os: [linux]
    requiresBuild: true
    dev: true
    optional: true

  /@esbuild/linux-x64@0.20.2:
    resolution: {integrity: sha512-1MdwI6OOTsfQfek8sLwgyjOXAu+wKhLEoaOLTjbijk6E2WONYpH9ZU2mNtR+lZ2B4uwr+usqGuVfFT9tMtGvGw==}
    engines: {node: '>=12'}
    cpu: [x64]
    os: [linux]
    requiresBuild: true
    dev: true
    optional: true

  /@esbuild/netbsd-x64@0.20.2:
    resolution: {integrity: sha512-K8/DhBxcVQkzYc43yJXDSyjlFeHQJBiowJ0uVL6Tor3jGQfSGHNNJcWxNbOI8v5k82prYqzPuwkzHt3J1T1iZQ==}
    engines: {node: '>=12'}
    cpu: [x64]
    os: [netbsd]
    requiresBuild: true
    dev: true
    optional: true

  /@esbuild/openbsd-x64@0.20.2:
    resolution: {integrity: sha512-eMpKlV0SThJmmJgiVyN9jTPJ2VBPquf6Kt/nAoo6DgHAoN57K15ZghiHaMvqjCye/uU4X5u3YSMgVBI1h3vKrQ==}
    engines: {node: '>=12'}
    cpu: [x64]
    os: [openbsd]
    requiresBuild: true
    dev: true
    optional: true

  /@esbuild/sunos-x64@0.20.2:
    resolution: {integrity: sha512-2UyFtRC6cXLyejf/YEld4Hajo7UHILetzE1vsRcGL3earZEW77JxrFjH4Ez2qaTiEfMgAXxfAZCm1fvM/G/o8w==}
    engines: {node: '>=12'}
    cpu: [x64]
    os: [sunos]
    requiresBuild: true
    dev: true
    optional: true

  /@esbuild/win32-arm64@0.20.2:
    resolution: {integrity: sha512-GRibxoawM9ZCnDxnP3usoUDO9vUkpAxIIZ6GQI+IlVmr5kP3zUq+l17xELTHMWTWzjxa2guPNyrpq1GWmPvcGQ==}
    engines: {node: '>=12'}
    cpu: [arm64]
    os: [win32]
    requiresBuild: true
    dev: true
    optional: true

  /@esbuild/win32-ia32@0.20.2:
    resolution: {integrity: sha512-HfLOfn9YWmkSKRQqovpnITazdtquEW8/SoHW7pWpuEeguaZI4QnCRW6b+oZTztdBnZOS2hqJ6im/D5cPzBTTlQ==}
    engines: {node: '>=12'}
    cpu: [ia32]
    os: [win32]
    requiresBuild: true
    dev: true
    optional: true

  /@esbuild/win32-x64@0.20.2:
    resolution: {integrity: sha512-N49X4lJX27+l9jbLKSqZ6bKNjzQvHaT8IIFUy+YIqmXQdjYCToGWwOItDrfby14c78aDd5NHQl29xingXfCdLQ==}
    engines: {node: '>=12'}
    cpu: [x64]
    os: [win32]
    requiresBuild: true
    dev: true
    optional: true

  /@rollup/rollup-android-arm-eabi@4.18.0:
    resolution: {integrity: sha512-Tya6xypR10giZV1XzxmH5wr25VcZSncG0pZIjfePT0OVBvqNEurzValetGNarVrGiq66EBVAFn15iYX4w6FKgQ==}
    cpu: [arm]
    os: [android]
    requiresBuild: true
    dev: true
    optional: true

  /@rollup/rollup-android-arm64@4.18.0:
    resolution: {integrity: sha512-avCea0RAP03lTsDhEyfy+hpfr85KfyTctMADqHVhLAF3MlIkq83CP8UfAHUssgXTYd+6er6PaAhx/QGv4L1EiA==}
    cpu: [arm64]
    os: [android]
    requiresBuild: true
    dev: true
    optional: true

  /@rollup/rollup-darwin-arm64@4.18.0:
    resolution: {integrity: sha512-IWfdwU7KDSm07Ty0PuA/W2JYoZ4iTj3TUQjkVsO/6U+4I1jN5lcR71ZEvRh52sDOERdnNhhHU57UITXz5jC1/w==}
    cpu: [arm64]
    os: [darwin]
    requiresBuild: true
    dev: true
    optional: true

  /@rollup/rollup-darwin-x64@4.18.0:
    resolution: {integrity: sha512-n2LMsUz7Ynu7DoQrSQkBf8iNrjOGyPLrdSg802vk6XT3FtsgX6JbE8IHRvposskFm9SNxzkLYGSq9QdpLYpRNA==}
    cpu: [x64]
    os: [darwin]
    requiresBuild: true
    dev: true
    optional: true

  /@rollup/rollup-linux-arm-gnueabihf@4.18.0:
    resolution: {integrity: sha512-C/zbRYRXFjWvz9Z4haRxcTdnkPt1BtCkz+7RtBSuNmKzMzp3ZxdM28Mpccn6pt28/UWUCTXa+b0Mx1k3g6NOMA==}
    cpu: [arm]
    os: [linux]
    requiresBuild: true
    dev: true
    optional: true

  /@rollup/rollup-linux-arm-musleabihf@4.18.0:
    resolution: {integrity: sha512-l3m9ewPgjQSXrUMHg93vt0hYCGnrMOcUpTz6FLtbwljo2HluS4zTXFy2571YQbisTnfTKPZ01u/ukJdQTLGh9A==}
    cpu: [arm]
    os: [linux]
    requiresBuild: true
    dev: true
    optional: true

  /@rollup/rollup-linux-arm64-gnu@4.18.0:
    resolution: {integrity: sha512-rJ5D47d8WD7J+7STKdCUAgmQk49xuFrRi9pZkWoRD1UeSMakbcepWXPF8ycChBoAqs1pb2wzvbY6Q33WmN2ftw==}
    cpu: [arm64]
    os: [linux]
    requiresBuild: true
    dev: true
    optional: true

  /@rollup/rollup-linux-arm64-musl@4.18.0:
    resolution: {integrity: sha512-be6Yx37b24ZwxQ+wOQXXLZqpq4jTckJhtGlWGZs68TgdKXJgw54lUUoFYrg6Zs/kjzAQwEwYbp8JxZVzZLRepQ==}
    cpu: [arm64]
    os: [linux]
    requiresBuild: true
    dev: true
    optional: true

  /@rollup/rollup-linux-powerpc64le-gnu@4.18.0:
    resolution: {integrity: sha512-hNVMQK+qrA9Todu9+wqrXOHxFiD5YmdEi3paj6vP02Kx1hjd2LLYR2eaN7DsEshg09+9uzWi2W18MJDlG0cxJA==}
    cpu: [ppc64]
    os: [linux]
    requiresBuild: true
    dev: true
    optional: true

  /@rollup/rollup-linux-riscv64-gnu@4.18.0:
    resolution: {integrity: sha512-ROCM7i+m1NfdrsmvwSzoxp9HFtmKGHEqu5NNDiZWQtXLA8S5HBCkVvKAxJ8U+CVctHwV2Gb5VUaK7UAkzhDjlg==}
    cpu: [riscv64]
    os: [linux]
    requiresBuild: true
    dev: true
    optional: true

  /@rollup/rollup-linux-s390x-gnu@4.18.0:
    resolution: {integrity: sha512-0UyyRHyDN42QL+NbqevXIIUnKA47A+45WyasO+y2bGJ1mhQrfrtXUpTxCOrfxCR4esV3/RLYyucGVPiUsO8xjg==}
    cpu: [s390x]
    os: [linux]
    requiresBuild: true
    dev: true
    optional: true

  /@rollup/rollup-linux-x64-gnu@4.18.0:
    resolution: {integrity: sha512-xuglR2rBVHA5UsI8h8UbX4VJ470PtGCf5Vpswh7p2ukaqBGFTnsfzxUBetoWBWymHMxbIG0Cmx7Y9qDZzr648w==}
    cpu: [x64]
    os: [linux]
    requiresBuild: true
    dev: true
    optional: true

  /@rollup/rollup-linux-x64-musl@4.18.0:
    resolution: {integrity: sha512-LKaqQL9osY/ir2geuLVvRRs+utWUNilzdE90TpyoX0eNqPzWjRm14oMEE+YLve4k/NAqCdPkGYDaDF5Sw+xBfg==}
    cpu: [x64]
    os: [linux]
    requiresBuild: true
    dev: true
    optional: true

  /@rollup/rollup-win32-arm64-msvc@4.18.0:
    resolution: {integrity: sha512-7J6TkZQFGo9qBKH0pk2cEVSRhJbL6MtfWxth7Y5YmZs57Pi+4x6c2dStAUvaQkHQLnEQv1jzBUW43GvZW8OFqA==}
    cpu: [arm64]
    os: [win32]
    requiresBuild: true
    dev: true
    optional: true

  /@rollup/rollup-win32-ia32-msvc@4.18.0:
    resolution: {integrity: sha512-Txjh+IxBPbkUB9+SXZMpv+b/vnTEtFyfWZgJ6iyCmt2tdx0OF5WhFowLmnh8ENGNpfUlUZkdI//4IEmhwPieNg==}
    cpu: [ia32]
    os: [win32]
    requiresBuild: true
    dev: true
    optional: true

  /@rollup/rollup-win32-x64-msvc@4.18.0:
    resolution: {integrity: sha512-UOo5FdvOL0+eIVTgS4tIdbW+TtnBLWg1YBCcU2KWM7nuNwRz9bksDX1bekJJCpu25N1DVWaCwnT39dVQxzqS8g==}
    cpu: [x64]
    os: [win32]
    requiresBuild: true
    dev: true
    optional: true

  /@strudel/core@1.0.1:
    resolution: {integrity: sha512-4Ei55Gj5r+XCLc3L5G8YulnFvyYMZVM21NCnH6gY5NNw/dDZujucS//QoPzrp0z9zrnrIIRVxjfGnjYBdIrLbA==}
    dependencies:
      fraction.js: 4.3.7
    dev: false

  /@strudel/mini@1.0.1:
    resolution: {integrity: sha512-ElS5h3hppVcizm9N5e3egHzDP5eGyEqFGMPpl9EHdu+PzF/vt7uc0STxVN//vhq4A9Lrv3FTWSel5rik2AEwBg==}
    dependencies:
      '@strudel/core': 1.0.1
    dev: false

  /@strudel/tonal@1.0.1:
    resolution: {integrity: sha512-XtOi0Ac+CUpOpmkqLviwaW7380LDPq/vGgSARIQu67bjv4ELUlM2OuEg8kq3XvrdnrtkikOKPqWZ+0JUmIWqPw==}
    dependencies:
      '@strudel/core': 1.0.1
      '@tonaljs/tonal': 4.10.0
      chord-voicings: 0.0.1
      webmidi: 3.1.9
    dev: false

  /@strudel/transpiler@1.0.1:
    resolution: {integrity: sha512-HeWdx6It6mq2+wqWQOMxoTIdvltiAuy6QPqEFOfOR0mausuXhygAWm+HTQ9Wg91kpNNA8bixfM+VMNfM5NcIOA==}
    dependencies:
      '@strudel/core': 1.0.1
      '@strudel/mini': 1.0.1
      acorn: 8.11.3
      escodegen: 2.1.0
      estree-walker: 3.0.3
    dev: false

  /@strudel/webaudio@1.0.1:
    resolution: {integrity: sha512-NpwgdBkuk4emCSn7MrGquE/g7970V3kFl0kDhQVq456vaBLbbVZUHgkG48twVhnnLDpV4Rt3Y4La+XGN3ZX5gg==}
    dependencies:
      '@strudel/core': 1.0.1
      superdough: 1.0.1
    dev: false

  /@tonaljs/abc-notation@4.8.3:
    resolution: {integrity: sha512-ZN+wrlDdiFOLgbGcXiCcCd/ek8P42t7EMgjTA5yVTU8+WwtMSDPmZyNMvfETEVZoWvCOAOW9UVXemP9oFV9OxA==}
    dependencies:
      '@tonaljs/pitch-distance': 5.0.3
      '@tonaljs/pitch-note': 6.0.0
    dev: false

  /@tonaljs/array@4.8.3:
    resolution: {integrity: sha512-TeX5vqk61EhlRAIo70d0hKt3a0FEcROsu9ETtTclXl+qaQ1QtEEs0M+B46IZ+sQo5T3s8vtz5z1yCiK26HPr5A==}
    dependencies:
      '@tonaljs/pitch-note': 6.0.0
    dev: false

  /@tonaljs/chord-detect@4.8.5:
    resolution: {integrity: sha512-sH4WBP9wk70YcFAcb02vd6C5odRXj+aoIgf6WaHHFmp/8AH5aK+Vr3uLVavw7u/1mf0B4XK5hGdGEUuQynGTrw==}
    dependencies:
      '@tonaljs/chord-type': 5.0.5
      '@tonaljs/core': 5.0.0
      '@tonaljs/pcset': 4.9.2
    dev: false

  /@tonaljs/chord-type@4.8.2:
    resolution: {integrity: sha512-GzSTjQmZjkUdPhyesFDeJbxpW8R7L/bAE34E8ApGAh9FMcKYpRdX3Tn+gkluRsXOiRMfW07p3E0Adx4bjtyN+Q==}
    dependencies:
      '@tonaljs/core': 4.10.4
      '@tonaljs/pcset': 4.9.2
    dev: false

  /@tonaljs/chord-type@5.0.5:
    resolution: {integrity: sha512-Rne/7YwXgPAQSt8DM6/yb61Hfp8stQR4SrhbePjzB/oVwVIzUL+uxH29uwd/KxDkIEITaHXS3v5ntRcVXCQYnA==}
    dependencies:
      '@tonaljs/core': 5.0.0
      '@tonaljs/pcset': 4.9.2
    dev: false

  /@tonaljs/chord@4.10.2:
    resolution: {integrity: sha512-Zlqtq6c6T4y+EqvwHRQp9icEjHqyniCpnIwwCFg5amgAQwXmWzarouOOSmcdJ1Is92eEvcPVuCoLiVUtajS30A==}
    dependencies:
      '@tonaljs/chord-detect': 4.8.5
      '@tonaljs/chord-type': 4.8.2
      '@tonaljs/collection': 4.8.1
      '@tonaljs/core': 4.10.4
      '@tonaljs/pcset': 4.9.2
      '@tonaljs/scale-type': 4.8.5
    dev: false

  /@tonaljs/chord@6.0.0:
    resolution: {integrity: sha512-lWTSynCzPO5rV6CQUoM7b5DqmO0VYq3hEwSwo5d+tEdocYwUvfDbPl1JHq2un9f+5nEnNRkb8AfRsbi9wyVsIg==}
    dependencies:
      '@tonaljs/chord-detect': 4.8.5
      '@tonaljs/chord-type': 5.0.5
      '@tonaljs/collection': 4.8.1
      '@tonaljs/interval': 5.0.0
      '@tonaljs/pcset': 4.9.2
      '@tonaljs/pitch-distance': 5.0.3
      '@tonaljs/pitch-note': 6.0.0
      '@tonaljs/scale-type': 4.8.5
    dev: false

  /@tonaljs/collection@4.8.1:
    resolution: {integrity: sha512-2TaiK9QEjOCkV7jW2B9uo5FPetNoiS9//nNPWXOWjB/E9KGd2SV1THEuxLx1Ew3uXUQpezup5adNljbZtOHbrA==}
    dev: false

  /@tonaljs/core@4.10.4:
    resolution: {integrity: sha512-PhGlQ2Js6rFQ6CufkSiBpEJoPS8QIIhbXSXhT4U+5ffqckli+YBZRN24vjZ4AEKuX8xoYDmCCbl+r6agauvzmw==}
    dependencies:
      '@tonaljs/pitch': 5.0.1
      '@tonaljs/pitch-distance': 5.0.2
      '@tonaljs/pitch-interval': 5.0.2
      '@tonaljs/pitch-note': 5.0.3
    dev: false

  /@tonaljs/core@5.0.0:
    resolution: {integrity: sha512-vifjXX+xKidK+q1xGgcfGX79HtIMydXp1NrdGG5VshYHC3TRpVNti4HJDb/6qOjokQp9as/iOCyaAmcWIq0ZUA==}
    dependencies:
      '@tonaljs/pitch': 5.0.2
      '@tonaljs/pitch-distance': 5.0.3
      '@tonaljs/pitch-interval': 6.0.0
      '@tonaljs/pitch-note': 6.0.0
    dev: false

  /@tonaljs/duration-value@4.8.1:
    resolution: {integrity: sha512-/jP8Q+z2h+2+IBeTsyF9KWedqu8Jffhvp17/H6pxUJ7b1U+HNdn5G7KfXbblEqhykYSKTSKK/m+86M7j4RnAgw==}
    dev: false

  /@tonaljs/interval@4.8.2:
    resolution: {integrity: sha512-9SEuJuqFdmu9lnvMmJtxbReQcQvZ1YHXhCcxaF6Re23/w+BqiJvvkvNZhfWH+n1+g0uaSdTsuvMfamp7hAvPMw==}
    dependencies:
      '@tonaljs/pitch': 5.0.2
      '@tonaljs/pitch-distance': 5.0.3
      '@tonaljs/pitch-interval': 5.0.2
    dev: false

  /@tonaljs/interval@5.0.0:
    resolution: {integrity: sha512-WXmi0TdijggCzREc2B0RN3ZtgUQhu8E7DXVqL/lVLAZA8zaVfsFAv4k1NdXr7bkmcCM4yzhXeGzBo8L2QJR1SA==}
    dependencies:
      '@tonaljs/pitch': 5.0.2
      '@tonaljs/pitch-distance': 5.0.3
      '@tonaljs/pitch-interval': 6.0.0
    dev: false

  /@tonaljs/key@4.9.4:
    resolution: {integrity: sha512-oq+C8AAmHJdkWs2Txq3ZR5koIeKYSNwQwR3G+Y1Bd+XbXvd/d9d7xJmzxUWY8fnFnvOve8FNShCvoWfnF62HtQ==}
    dependencies:
      '@tonaljs/core': 5.0.0
      '@tonaljs/note': 4.10.3
      '@tonaljs/roman-numeral': 4.8.3
    dev: false

  /@tonaljs/midi@4.9.3:
    resolution: {integrity: sha512-sz6XrX6qoYSW3yDpR0K5JhYpsvlzrIJYFfRiOdf4kmnTPAewYyg7f8nLRMl502lBNCt80Bktx4mDHXaL6tWVKw==}
    dependencies:
      '@tonaljs/core': 5.0.0
    dev: false

  /@tonaljs/mode@4.8.4:
    resolution: {integrity: sha512-6416B8YgWj6hgWgHPsSvizCMoyWg66C/TlviSexQNnYjQHAlp0rAOcLTL3IskVrFNTgNMlNP1vcj+s1kt18LuQ==}
    dependencies:
      '@tonaljs/collection': 4.8.1
      '@tonaljs/core': 5.0.0
      '@tonaljs/interval': 5.0.0
      '@tonaljs/pcset': 4.9.2
      '@tonaljs/scale-type': 4.8.5
    dev: false

  /@tonaljs/note@4.10.3:
    resolution: {integrity: sha512-GvNILH91kkBV9ISAHK75gFkI8Jr0mvKRkO/wU1OhUAapnOrNzFS+EqxusKGc2Lz2MLIbVFRIBqWdyhxIwgpSCg==}
    dependencies:
      '@tonaljs/core': 5.0.0
      '@tonaljs/midi': 4.9.3
    dev: false

  /@tonaljs/pcset@4.9.2:
    resolution: {integrity: sha512-s8enXa/nsFkJkz96VjcFu+fapEr69ENhr3yoHykPsU+0MlZ9aMWXilE97Ek3eHAX9gT55+mElEU7qGWkwdaU9w==}
    dependencies:
      '@tonaljs/collection': 4.8.1
      '@tonaljs/core': 5.0.0
    dev: false

  /@tonaljs/pitch-distance@5.0.2:
    resolution: {integrity: sha512-DPxfGJCf4BvfIVRxl2v142tuCKIziM6PomOBT0/s7U5o+Z5qFAIW0tNx/MKyL83guV74p+XIf5VI0w1flmXxDA==}
    dependencies:
      '@tonaljs/pitch': 5.0.1
      '@tonaljs/pitch-interval': 5.0.2
      '@tonaljs/pitch-note': 5.0.3
    dev: false

  /@tonaljs/pitch-distance@5.0.3:
    resolution: {integrity: sha512-3sgU93gfNsMX1wAYXraYJyIJMIViXZRE1Fh/OXwbUi6lEX/iLRmFVSz37ObnaRaOz0pVm+uUhvW2iKy8QtOWpw==}
    dependencies:
      '@tonaljs/pitch': 5.0.2
      '@tonaljs/pitch-interval': 6.0.0
      '@tonaljs/pitch-note': 6.0.0
    dev: false

  /@tonaljs/pitch-interval@5.0.2:
    resolution: {integrity: sha512-bQmxeenRFNuuABs9mDc+bSUp3ySGw8I49pHMoGDdCcro9n3MDN8IsSwhvKoGOYErFMx76rNn1t+7WL8ukpvX5w==}
    dependencies:
      '@tonaljs/pitch': 5.0.1
    dev: false

  /@tonaljs/pitch-interval@6.0.0:
    resolution: {integrity: sha512-0iaFWbgshYWjfmdxzF8jNmTqsNK2krwn+FqDRZb8vEsfaSNC8Jek0f5wYcE2to+7f0P5jJlJnj8CUGvlfKIT5A==}
    dependencies:
      '@tonaljs/pitch': 5.0.2
    dev: false

  /@tonaljs/pitch-note@5.0.3:
    resolution: {integrity: sha512-JsPgqPa8VZdZtfwvgoHJz996BZqzvlnRxUF6c/Q9q8E0iq30UHBEid0Y6XldK+h6tuIENsG3a9jyvNNxRqIeYw==}
    dependencies:
      '@tonaljs/pitch': 5.0.1
    dev: false

  /@tonaljs/pitch-note@6.0.0:
    resolution: {integrity: sha512-m4Ei7zwSsKwotVfnodA7m1SR7zD5NNIea+V7Mo35EcK32ZJBg+SvxdwgfNNdLO8bkDbVrZIgVYqeP3R3Jq7VFQ==}
    dependencies:
      '@tonaljs/pitch': 5.0.2
    dev: false

  /@tonaljs/pitch@5.0.1:
    resolution: {integrity: sha512-5HYkF4hGY0jS2y5V3Hf5gNFXX46kT4cAcI7JLEn+qQb9N1dU9Gz9koI9di0mD1Tbam+kviceiCsJl4WX/FqYjA==}
    dev: false

  /@tonaljs/pitch@5.0.2:
    resolution: {integrity: sha512-mxaXJPPe+LIJdjzpZEl8I8Wx3dEvlzkBbsr2Ltwc2dTAdnErAZ5R0TxVq2egF27lMvQN2QPQPWI9iDPPdVUmrg==}
    dev: false

  /@tonaljs/progression@4.8.4:
    resolution: {integrity: sha512-cybCQ3szoozZW5v8jydRxdmDCGiZ2sE8qEnqbNz7+RY7WtZCXbK8MAFjPq2M5NGxIwnw94sbM7RV7d6f5W7+nA==}
    dependencies:
      '@tonaljs/chord': 6.0.0
      '@tonaljs/core': 5.0.0
      '@tonaljs/roman-numeral': 4.8.3
    dev: false

  /@tonaljs/range@4.8.4:
    resolution: {integrity: sha512-ASB+i34Z5cXnBntaZOlmgZTfiLdKpMjSCL0ohE4ebZBTbTkuZWMKUucMxe2xpNKNBByPKVmeocv/Wpr8GNzU1Q==}
    dependencies:
      '@tonaljs/collection': 4.8.1
      '@tonaljs/midi': 4.9.3
    dev: false

  /@tonaljs/roman-numeral@4.8.3:
    resolution: {integrity: sha512-U3LnDSVSngWiHEECPAWCvOlqZC0vt8IL/IoXSKXpt9YfW9NYRUlejoQack1NM9M80P8fCBnJQ7Uz3x8mC1eRow==}
    dependencies:
      '@tonaljs/core': 5.0.0
    dev: false

  /@tonaljs/scale-type@4.8.5:
    resolution: {integrity: sha512-3DCo/r3QEalIDG7dSBgRFD90Tm22qXSHuz5pyDUMNZpQuodzxz1BvsXSkC3CMGchX4eoaSjtArfKIrz0oEJUhw==}
    dependencies:
      '@tonaljs/core': 5.0.0
      '@tonaljs/pcset': 4.9.2
    dev: false

  /@tonaljs/scale@4.12.6:
    resolution: {integrity: sha512-nWDGNfx+rJuF+FFXbvWvtv7vApHpAlLkpke8C7TTM4lEw+fQXdi0cQaNQDS0QmIReeGSThe9CMxRL8+niabFKQ==}
    dependencies:
      '@tonaljs/chord-type': 5.0.5
      '@tonaljs/collection': 4.8.1
      '@tonaljs/core': 5.0.0
      '@tonaljs/note': 4.10.3
      '@tonaljs/pcset': 4.9.2
      '@tonaljs/scale-type': 4.8.5
    dev: false

  /@tonaljs/time-signature@4.8.1:
    resolution: {integrity: sha512-P3h2S1M006LpmPkwuAVS/pP02Hns6pSzKP2ghyit4Lszj4ppwNwcyJ1hgT/TVkiwMbUVbNltTKDraonG+2Xe/g==}
    dev: false

  /@tonaljs/tonal@4.10.0:
    resolution: {integrity: sha512-F2T9Fiy+j0MVped89kCrX1XF68mQOLUnny4pDOHrIf+OkrjtLQOzzaSOrX1tx0o72WUwQm1knz6D1d57b9X1HA==}
    dependencies:
      '@tonaljs/abc-notation': 4.8.3
      '@tonaljs/array': 4.8.3
      '@tonaljs/chord': 4.10.2
      '@tonaljs/chord-type': 4.8.2
      '@tonaljs/collection': 4.8.1
      '@tonaljs/core': 4.10.4
      '@tonaljs/duration-value': 4.8.1
      '@tonaljs/interval': 4.8.2
      '@tonaljs/key': 4.9.4
      '@tonaljs/midi': 4.9.3
      '@tonaljs/mode': 4.8.4
      '@tonaljs/note': 4.10.3
      '@tonaljs/pcset': 4.9.2
      '@tonaljs/progression': 4.8.4
      '@tonaljs/range': 4.8.4
      '@tonaljs/roman-numeral': 4.8.3
      '@tonaljs/scale': 4.12.6
      '@tonaljs/scale-type': 4.8.5
      '@tonaljs/time-signature': 4.8.1
    dev: false

  /@types/estree@1.0.5:
    resolution: {integrity: sha512-/kYRxGDLWzHOB7q+wtSUQlFrtcdUccpfy+X+9iMBpHK8QLLhx2wIPYuS5DYtR9Wa/YlZAbIovy7qVdB1Aq6Lyw==}

  /@types/webmidi@2.0.10:
    resolution: {integrity: sha512-4RmTFMB6mN2h8XbJa1x3cOs9IOkXvFyHGcPUpUvWfmATuKg/J+dsFiMVgCE2EkpS+/8a8AP2tE3rQT1mLG7vEg==}
    requiresBuild: true
    dev: false
    optional: true

  /acorn@8.11.3:
    resolution: {integrity: sha512-Y9rRfJG5jcKOE0CLisYbojUjIrIEE7AGMzA/Sm4BslANhbS+cDMpgBdcPT91oJ7OuJ9hYJBx59RjbhxVnrF8Xg==}
    engines: {node: '>=0.4.0'}
    hasBin: true
    dev: false

  /chiptune3@0.7.7:
    resolution: {integrity: sha512-IjrT1EaFRrfMuLnGLPGdga7jkuTKZenjit8uaaCA7XglminwbaeiP1umqQvYAzHfyI1uur4/oP6Q+e7ReFk38Q==}
    dev: false

  /chord-voicings@0.0.1:
    resolution: {integrity: sha512-SutgB/4ynkkuiK6qdQ/k3QvCFcH0Vj8Ch4t6LbRyRQbVzP/TOztiCk3kvXd516UZ6fqk7ijDRELEFcKN+6V8sA==}
    dependencies:
      '@tonaljs/tonal': 4.10.0
    dev: false

  /djipevents@2.0.7:
    resolution: {integrity: sha512-KNFYaU85imxOCKOUsIR70Iz9E19r96/X7LSH+u0tSoZdpWcBdzoqtTsU+wuLhc6GMpSFob+KInkZAbfKi01Bjg==}
    dependencies:
      '@babel/runtime': 7.24.6
    dev: false

  /esbuild@0.20.2:
    resolution: {integrity: sha512-WdOOppmUNU+IbZ0PaDiTst80zjnrOkyJNHoKupIcVyU8Lvla3Ugx94VzkQ32Ijqd7UhHJy75gNWDMUekcrSJ6g==}
    engines: {node: '>=12'}
    hasBin: true
    requiresBuild: true
    optionalDependencies:
      '@esbuild/aix-ppc64': 0.20.2
      '@esbuild/android-arm': 0.20.2
      '@esbuild/android-arm64': 0.20.2
      '@esbuild/android-x64': 0.20.2
      '@esbuild/darwin-arm64': 0.20.2
      '@esbuild/darwin-x64': 0.20.2
      '@esbuild/freebsd-arm64': 0.20.2
      '@esbuild/freebsd-x64': 0.20.2
      '@esbuild/linux-arm': 0.20.2
      '@esbuild/linux-arm64': 0.20.2
      '@esbuild/linux-ia32': 0.20.2
      '@esbuild/linux-loong64': 0.20.2
      '@esbuild/linux-mips64el': 0.20.2
      '@esbuild/linux-ppc64': 0.20.2
      '@esbuild/linux-riscv64': 0.20.2
      '@esbuild/linux-s390x': 0.20.2
      '@esbuild/linux-x64': 0.20.2
      '@esbuild/netbsd-x64': 0.20.2
      '@esbuild/openbsd-x64': 0.20.2
      '@esbuild/sunos-x64': 0.20.2
      '@esbuild/win32-arm64': 0.20.2
      '@esbuild/win32-ia32': 0.20.2
      '@esbuild/win32-x64': 0.20.2
    dev: true

  /escodegen@2.1.0:
    resolution: {integrity: sha512-2NlIDTwUWJN0mRPQOdtQBzbUHvdGY2P1VXSyU83Q3xKxM7WHX2Ql8dKq782Q9TgQUNOLEzEYu9bzLNj1q88I5w==}
    engines: {node: '>=6.0'}
    hasBin: true
    dependencies:
      esprima: 4.0.1
      estraverse: 5.3.0
      esutils: 2.0.3
    optionalDependencies:
      source-map: 0.6.1
    dev: false

  /esprima@4.0.1:
    resolution: {integrity: sha512-eGuFFw7Upda+g4p+QHvnW0RyTX/SVeJBDM/gCtMARO0cLuT2HcEKnTPvhjV6aGeqrCB/sbNop0Kszm0jsaWU4A==}
    engines: {node: '>=4'}
    hasBin: true
    dev: false

  /estraverse@5.3.0:
    resolution: {integrity: sha512-MMdARuVEQziNTeJD8DgMqmhwR11BRQ/cBP+pLtYdSTnf3MIO8fFeiINEbX36ZdNlfU/7A9f3gUw49B3oQsvwBA==}
    engines: {node: '>=4.0'}
    dev: false

  /estree-walker@3.0.3:
    resolution: {integrity: sha512-7RUKfXgSMMkzt6ZuXmqapOurLGPPfgj6l9uRZ7lRGolvk0y2yocc35LdcxKC5PQZdn2DMqioAQ2NoWcrTKmm6g==}
    dependencies:
      '@types/estree': 1.0.5
    dev: false

  /esutils@2.0.3:
    resolution: {integrity: sha512-kVscqXk4OCp68SZ0dkgEKVi6/8ij300KBWTJq32P/dYeWTSwK41WyTxalN1eRmA5Z9UU/LX9D7FWSmV9SAYx6g==}
    engines: {node: '>=0.10.0'}
    dev: false

  /fraction.js@4.3.7:
    resolution: {integrity: sha512-ZsDfxO51wGAXREY55a7la9LScWpwv9RxIrYABrlvOFBlH/ShPnrtsXeuUIfXKKOVicNxQ+o8JTbJvjS4M89yew==}
    dev: false

  /fsevents@2.3.3:
    resolution: {integrity: sha512-5xoDfX+fL7faATnagmWPpbFtwh/R77WmMMqqHGS65C3vvB0YHrgF+B1YmZ3441tMj5n63k0212XNoJwzlhffQw==}
    engines: {node: ^8.16.0 || ^10.6.0 || >=11.0.0}
    os: [darwin]
    requiresBuild: true
    dev: true
    optional: true

  /itwriter@0.0.1:
    resolution: {integrity: sha512-fL6qy414a/7MxVvN/wnG+4hX4/eP6sVw1aaI3AFn2ztm3d2b3XAR/+LoDA4yto+3RevZ4ASSEMTm6uni0P/wZQ==}
    dev: false

  /jazz-midi@1.7.9:
    resolution: {integrity: sha512-c8c4BBgwxdsIr1iVm53nadCrtH7BUlnX3V95ciK/gbvXN/ndE5+POskBalXgqlc/r9p2XUbdLTrgrC6fou5p9w==}
    engines: {node: '>=10.0.0'}
    requiresBuild: true
    dev: false
    optional: true

  /jzz@1.8.4:
    resolution: {integrity: sha512-xaCScAEeQVlUxITJfmOLJg0/wZl+sonQM9a96YI4gT9Lxr76w6RIwoX72dhQ0A2WUGM4SAWppmfoG02uNWFMDQ==}
    requiresBuild: true
    dependencies:
      '@types/webmidi': 2.0.10
      jazz-midi: 1.7.9
    dev: false
    optional: true

  /nanoid@3.3.7:
    resolution: {integrity: sha512-eSRppjcPIatRIMC1U6UngP8XFcz8MQWGQdt1MTBQ7NaAmvXDfvNxbvWV3x2y6CdEUciCSsDHDQZbhYaB8QEo2g==}
    engines: {node: ^10 || ^12 || ^13.7 || ^14 || >=15.0.1}
    hasBin: true
    dev: true

  /nanostores@0.9.5:
    resolution: {integrity: sha512-Z+p+g8E7yzaWwOe5gEUB2Ox0rCEeXWYIZWmYvw/ajNYX8DlXdMvMDj8DWfM/subqPAcsf8l8Td4iAwO1DeIIRQ==}
    engines: {node: ^16.0.0 || ^18.0.0 || >=20.0.0}
    dev: false

  /picocolors@1.0.1:
    resolution: {integrity: sha512-anP1Z8qwhkbmu7MFP5iTt+wQKXgwzf7zTyGlcdzabySa9vd0Xt392U0rVmz9poOaBj0uHJKyyo9/upk0HrEQew==}
    dev: true

  /postcss@8.4.38:
    resolution: {integrity: sha512-Wglpdk03BSfXkHoQa3b/oulrotAkwrlLDRSOb9D0bN86FdRyE9lppSp33aHNPgBa0JKCoB+drFLZkQoRRYae5A==}
    engines: {node: ^10 || ^12 || >=14}
    dependencies:
      nanoid: 3.3.7
      picocolors: 1.0.1
      source-map-js: 1.2.0
    dev: true

  /regenerator-runtime@0.14.1:
    resolution: {integrity: sha512-dYnhHh0nJoMfnkZs6GmmhFknAGRrLznOu5nc9ML+EJxGvrx6H7teuevqVqCuPcPK//3eDrrjQhehXVx9cnkGdw==}
    dev: false

  /rollup@4.18.0:
    resolution: {integrity: sha512-QmJz14PX3rzbJCN1SG4Xe/bAAX2a6NpCP8ab2vfu2GiUr8AQcr2nCV/oEO3yneFarB67zk8ShlIyWb2LGTb3Sg==}
    engines: {node: '>=18.0.0', npm: '>=8.0.0'}
    hasBin: true
    dependencies:
      '@types/estree': 1.0.5
    optionalDependencies:
      '@rollup/rollup-android-arm-eabi': 4.18.0
      '@rollup/rollup-android-arm64': 4.18.0
      '@rollup/rollup-darwin-arm64': 4.18.0
      '@rollup/rollup-darwin-x64': 4.18.0
      '@rollup/rollup-linux-arm-gnueabihf': 4.18.0
      '@rollup/rollup-linux-arm-musleabihf': 4.18.0
      '@rollup/rollup-linux-arm64-gnu': 4.18.0
      '@rollup/rollup-linux-arm64-musl': 4.18.0
      '@rollup/rollup-linux-powerpc64le-gnu': 4.18.0
      '@rollup/rollup-linux-riscv64-gnu': 4.18.0
      '@rollup/rollup-linux-s390x-gnu': 4.18.0
      '@rollup/rollup-linux-x64-gnu': 4.18.0
      '@rollup/rollup-linux-x64-musl': 4.18.0
      '@rollup/rollup-win32-arm64-msvc': 4.18.0
      '@rollup/rollup-win32-ia32-msvc': 4.18.0
      '@rollup/rollup-win32-x64-msvc': 4.18.0
      fsevents: 2.3.3
    dev: true

  /source-map-js@1.2.0:
    resolution: {integrity: sha512-itJW8lvSA0TXEphiRoawsCksnlf8SyvmFzIhltqAHluXd88pkCd+cXJVHTDwdCr0IzwptSm035IHQktUu1QUMg==}
    engines: {node: '>=0.10.0'}
    dev: true

  /source-map@0.6.1:
    resolution: {integrity: sha512-UjgapumWlbMhkBgzT7Ykc5YXUT46F0iKu8SGXq0bcwP5dz/h0Plj6enJqjz1Zbq2l5WaqYnrVbwWOWMyF3F47g==}
    engines: {node: '>=0.10.0'}
    requiresBuild: true
    dev: false
    optional: true

  /superdough@1.0.1:
    resolution: {integrity: sha512-gfTbgOfFamhQzHitG2SW6QhW9c1WoFWHsQ8RpO/HTTXc1My0nDL1w5qQ38fqZ/EjIRy/YykDzdwxWYFaxG7X5w==}
    dependencies:
      nanostores: 0.9.5
    dev: false

  /vite@5.2.11:
    resolution: {integrity: sha512-HndV31LWW05i1BLPMUCE1B9E9GFbOu1MbenhS58FuK6owSO5qHm7GiCotrNY1YE5rMeQSFBGmT5ZaLEjFizgiQ==}
    engines: {node: ^18.0.0 || >=20.0.0}
    hasBin: true
    peerDependencies:
      '@types/node': ^18.0.0 || >=20.0.0
      less: '*'
      lightningcss: ^1.21.0
      sass: '*'
      stylus: '*'
      sugarss: '*'
      terser: ^5.4.0
    peerDependenciesMeta:
      '@types/node':
        optional: true
      less:
        optional: true
      lightningcss:
        optional: true
      sass:
        optional: true
      stylus:
        optional: true
      sugarss:
        optional: true
      terser:
        optional: true
    dependencies:
      esbuild: 0.20.2
      postcss: 8.4.38
      rollup: 4.18.0
    optionalDependencies:
      fsevents: 2.3.3
    dev: true

  /webmidi@3.1.9:
    resolution: {integrity: sha512-KwhkwnGGxE49yGruEVFeCRA8Zsx5i/4NEa/Gtcx34SKIh8NU6OsWo3xVtDu0MY7/wdDScq/Ymh+/v+XDbnBA1A==}
    engines: {node: '>=8.5'}
    dependencies:
      djipevents: 2.0.7
    optionalDependencies:
      jzz: 1.8.4
    dev: false
